github.com/davecgh/go-spew v1.1.1 h1:vj9j/u1bqnvCEfJOwUhtlOARqs3+rkHYY13jYWTU97c=
github.com/davecgh/go-spew v1.1.1/go.mod h1:J7Y8YcW2NihsgmVo/mv3lAwl/skON4iLHjSsI+c5H38=
github.com/facebookincubator/go-belt v0.0.0-20250308011339-62fb7027b11f h1:MlG3PjCUpnbPN0JVX8UFu2Qherr6VzWqXo4GYF3J5nI=
github.com/facebookincubator/go-belt v0.0.0-20250308011339-62fb7027b11f/go.mod h1:ATrLnViIvvcC4AbrF7g/s2MXJPfl6+MEQNCXwKOIB+M=
github.com/go-ng/slices v0.0.0-20230703171042-6195d35636a2 h1:UkoycH6lT7QfBw3LqHLe6GdFRhxScvVaI7A5oiAjy5s=
github.com/go-ng/slices v0.0.0-20230703171042-6195d35636a2/go.mod h1:bVEceuoz83G4yjq9Os7lCYe+lf46uY8EFEHkxSCywvM=
github.com/go-ng/sort v0.0.0-20220617173827-2cc7cd04f7c7 h1:Ng6QMSlQSB+goG6430/Fp7O4YO2BJZXZJaldtg+7kEc=
github.com/go-ng/sort v0.0.0-20220617173827-2cc7cd04f7c7/go.mod h1:QUXmOopthsqLYJ+rAybuCf16J7qQm60TLVdQR0w1Nus=
github.com/go-ng/xsort v0.0.0-20220617174223-1d146907bccc h1:VNz633GRJx2/hL0SpBNoNlLid4xtyi7LSJP1kHpD2Fo=
github.com/go-ng/xsort v0.0.0-20220617174223-1d146907bccc/go.mod h1:Pz/V4pxeXP0hjBlXIrm2ehR0GJ0l4Bon3fsOl6TmoJs=
github.com/google/uuid v1.6.0 h1:NIvaJDMOsjHA8n1jAhLSgzrAzy1Hgr+hNrb57e+94F0=
github.com/google/uuid v1.6.0/go.mod h1:TIyPZe4MgqvfeYDBFedMoGGpEw/LqOeaOT+nhxU+yHo=
github.com/pmezard/go-difflib v1.0.0 h1:4DBwDE0NGyQoBHbLQYPwSUPoCMWR5BEzIk/f1lZbAQM=
github.com/pmezard/go-difflib v1.0.0/go.mod h1:iKH77koFhYxTK1pcRnkKkqfTogsbg7gZNVY4sRDYZ/4=
github.com/stretchr/testify v1.10.0 h1:Xv5erBjTwe/5IxqUQTdXv5kgmIvbHo3QQyRwhJsOfJA=
github.com/stretchr/testify v1.10.0/go.mod h1:r2ic/lqez/lEtzL7wO/rwa5dbSLXVDPFyf8C91i36aY=
github.com/xaionaro-go/xcontext v0.0.0-20250111150717-e70e1f5b299c h1://sE/WLpO7wpcVsp1FfTNAG9JmL60KfXiogNVKYivTA=
github.com/xaionaro-go/xcontext v0.0.0-20250111150717-e70e1f5b299c/go.mod h1:MGRT1+2m2adVRc4aAn0RVGysjsSRKN9VCyBJLHvQd4k=
golang.org/x/exp v0.0.0-20230519143937-03e91628a987 h1:3xJIFvzUFbu4ls0BTBYcgbCGhA63eAOEMxIHugyXJqA=
golang.org/x/exp v0.0.0-20230519143937-03e91628a987/go.mod h1:V1LtkGg67GoY2N1AnLN78QLrzxkLyJw7RJb1gzOOz9w=
gopkg.in/check.v1 v0.0.0-20161208181325-20d25e280405/go.mod h1:Co6ibVJAznAaIkqp8huTwlJQCZ016jof/cbN4VW5Yz0=
gopkg.in/yaml.v3 v3.0.1 h1:fxVm/GzAzEWqLHuvctI91KS9hhNmmWOoWu0XTYJS7CA=
gopkg.in/yaml.v3 v3.0.1/go.mod h1:K4uyk7z7BCEPqu6E+C64Yfv1cQ7kz7rIZviUmN+EgEM=
